{
  "requires": true,
  "lockfileVersion": 1,
  "dependencies": {
    "css-checkbox-library": {
      "version": "1.4.0",
      "resolved": "https://registry.npmjs.org/css-checkbox-library/-/css-checkbox-library-1.4.0.tgz",
      "integrity": "sha512-amwnzxmXEHmCm4oPJHhJ/7iDXRDZD5ADaBaPdjJjXT7cbesKlY0Rq//stxEC5PPMiy1daN0sT07wuCp44MAqmg=="
    }
  }
}
